{
  "name": "02_test",
  "version": "1.0.0",
  "lockfileVersion": 2,
  "requires": true,
  "packages": {
    "": {
      "name": "02_test",
      "version": "1.0.0",
      "license": "ISC",
      "dependencies": {
        "adong_math": "^1.0.0"
      }
    },
    "node_modules/adong_math": {
      "version": "1.0.0",
      "resolved": "https://registry.npmjs.org/adong_math/-/adong_math-1.0.0.tgz",
      "integrity": "sha512-VJgbQvhNNchmH1UmioFISt8yGoUjQiz8ZBHztLz1j1wqEBbaQAalyhDiVFZ9gEwZ5sdvtggUS+LnOfnJTrzBWg=="
    }
  },
  "dependencies": {
    "adong_math": {
      "version": "1.0.0",
      "resolved": "https://registry.npmjs.org/adong_math/-/adong_math-1.0.0.tgz",
      "integrity": "sha512-VJgbQvhNNchmH1UmioFISt8yGoUjQiz8ZBHztLz1j1wqEBbaQAalyhDiVFZ9gEwZ5sdvtggUS+LnOfnJTrzBWg=="
    }
  }
}
